{
  "nodes": {
    "chemacs2": {
      "flake": false,
      "locked": {
        "lastModified": 1621609489,
        "narHash": "sha256-uAEAu7RJdxRKMn51eTytGO4KPMy5IolOS5Ow3oxS5L0=",
        "owner": "plexus",
        "repo": "chemacs2",
        "rev": "ef82118824fac2b2363d3171d26acbabe1738326",
        "type": "github"
      },
      "original": {
        "owner": "plexus",
        "repo": "chemacs2",
        "type": "github"
      }
    },
    "comma": {
      "flake": false,
      "locked": {
        "lastModified": 1588170489,
        "narHash": "sha256-IT7zlcM1Oh4sWeCJ1m4NkteuajPxTnNo1tbitG0eqlg=",
        "owner": "Shopify",
        "repo": "comma",
        "rev": "4a62ec17e20ce0e738a8e5126b4298a73903b468",
        "type": "github"
      },
      "original": {
        "owner": "Shopify",
        "repo": "comma",
        "type": "github"
      }
    },
    "darwin": {
      "inputs": {
        "nixpkgs": [
          "nixpkgs"
        ]
      },
      "locked": {
        "lastModified": 1623852192,
        "narHash": "sha256-jLtmTksiG8roqC5fJx3yLK5m0I8X4iyQljW9x8Iovvg=",
        "owner": "kclejeune",
        "repo": "nix-darwin",
        "rev": "83c5a035b2e071008bc0d56a7cf65cb750b37fc9",
        "type": "github"
      },
      "original": {
        "owner": "kclejeune",
        "ref": "backup-etc",
        "repo": "nix-darwin",
        "type": "github"
      }
    },
    "devshell": {
      "locked": {
        "lastModified": 1629275356,
        "narHash": "sha256-R17M69EKXP6q8/mNHaK53ECwjFo1pdF+XaJC9Qq8zjg=",
        "owner": "numtide",
        "repo": "devshell",
        "rev": "26f25a12265f030917358a9632cd600b51af1d97",
        "type": "github"
      },
      "original": {
        "owner": "numtide",
        "repo": "devshell",
        "type": "github"
      }
    },
    "devshell_2": {
      "locked": {
        "lastModified": 1613310953,
        "narHash": "sha256-GhAwxJ0Jfsj8LIQmEQylpVkcThUJgPChjo48DZeBQZA=",
        "owner": "numtide",
        "repo": "devshell",
        "rev": "f64db97388dda7c2c6f8fb7aa5d6d08365fb1e01",
        "type": "github"
      },
      "original": {
        "owner": "numtide",
        "repo": "devshell",
        "type": "github"
      }
    },
    "emacs": {
      "inputs": {
        "emacs-src": "emacs-src",
        "emacs-vterm-src": "emacs-vterm-src",
        "nixpkgs": "nixpkgs"
      },
      "locked": {
        "lastModified": 1641462883,
        "narHash": "sha256-ZlQYsgDv461MtHUHBsxHSAbvau9LSAsHGTdu1Jt0Twc=",
        "owner": "cmacrae",
        "repo": "emacs",
        "rev": "03b4223e56e10a6d88faa151c5804d30b8680cca",
        "type": "github"
      },
      "original": {
        "owner": "cmacrae",
        "repo": "emacs",
        "type": "github"
      }
    },
    "emacs-overlay": {
      "locked": {
        "lastModified": 1630401524,
        "narHash": "sha256-/dTeXrzYlHSHemYaRXULhivux7j/bzz8X9qPSRV0u54=",
        "owner": "nix-community",
        "repo": "emacs-overlay",
        "rev": "359e3d4e9f0a2e773430925b1c390f7c272466c1",
        "type": "github"
      },
      "original": {
        "owner": "nix-community",
        "repo": "emacs-overlay",
        "type": "github"
      }
    },
    "emacs-src": {
      "flake": false,
      "locked": {
        "lastModified": 1638743496,
        "narHash": "sha256-U9Ig2GhWBhuP992FdY6ZOXa4LKut46Rso8ahySDfMT0=",
        "owner": "emacs-mirror",
        "repo": "emacs",
        "rev": "6620d03e3346a2358dc5e3f20fad1f59c74bc2f8",
        "type": "github"
      },
      "original": {
        "owner": "emacs-mirror",
        "repo": "emacs",
        "type": "github"
      }
    },
    "emacs-vterm-src": {
      "flake": false,
      "locked": {
        "lastModified": 1631083259,
        "narHash": "sha256-+fl1GUCpAZBOvgMd3akF9EMirp1/K+JyRq0TWKSDeJw=",
        "owner": "akermu",
        "repo": "emacs-libvterm",
        "rev": "2681120b770573044832ba8c22ccbac192e1a294",
        "type": "github"
      },
      "original": {
        "owner": "akermu",
        "repo": "emacs-libvterm",
        "type": "github"
      }
    },
    "flake-compat": {
      "flake": false,
      "locked": {
        "lastModified": 1627913399,
        "narHash": "sha256-hY8g6H2KFL8ownSiFeMOjwPC8P0ueXpCVEbxgda3pko=",
        "owner": "edolstra",
        "repo": "flake-compat",
        "rev": "12c64ca55c1014cdc1b16ed5a804aa8576601ff2",
        "type": "github"
      },
      "original": {
        "owner": "edolstra",
        "repo": "flake-compat",
        "type": "github"
      }
    },
    "flake-utils": {
      "locked": {
        "lastModified": 1629481132,
        "narHash": "sha256-JHgasjPR0/J1J3DRm4KxM4zTyAj4IOJY8vIl75v/kPI=",
        "owner": "numtide",
        "repo": "flake-utils",
        "rev": "997f7efcb746a9c140ce1f13c72263189225f482",
        "type": "github"
      },
      "original": {
        "owner": "numtide",
        "repo": "flake-utils",
        "type": "github"
      }
    },
    "flake-utils_2": {
      "locked": {
        "lastModified": 1610051610,
        "narHash": "sha256-U9rPz/usA1/Aohhk7Cmc2gBrEEKRzcW4nwPWMPwja4Y=",
        "owner": "numtide",
        "repo": "flake-utils",
        "rev": "3982c9903e93927c2164caa727cd3f6a0e6d14cc",
        "type": "github"
      },
      "original": {
        "owner": "numtide",
        "repo": "flake-utils",
        "type": "github"
      }
    },
    "home-manager": {
      "inputs": {
        "nixpkgs": [
          "nixpkgs"
        ]
      },
      "locked": {
        "lastModified": 1629598480,
        "narHash": "sha256-d07nc5Kf2MMKKVe47iIrBT+14/65g2nhEn+Z4PKjFmk=",
        "owner": "nix-community",
        "repo": "home-manager",
        "rev": "f6d1cad6ba228b81bf7045f1124aa99dfdcf3daa",
        "type": "github"
      },
      "original": {
        "owner": "nix-community",
        "ref": "master",
        "repo": "home-manager",
        "type": "github"
      }
    },
    "naersk": {
      "inputs": {
        "nixpkgs": [
          "nixpkgs"
        ]
      },
      "locked": {
        "lastModified": 1612192764,
        "narHash": "sha256-7EnLtZQWP6511G1ZPA7FmJlqAr3hWsAYb24tvTvJ/ec=",
        "owner": "nmattia",
        "repo": "naersk",
        "rev": "6e149bfd726a8ebefa415f2d713ba6d942435abd",
        "type": "github"
      },
      "original": {
        "owner": "nmattia",
        "repo": "naersk",
        "type": "github"
      }
    },
    "nixos-hardware": {
      "locked": {
        "lastModified": 1629534145,
        "narHash": "sha256-AiP7DwjntfEySVXVPjbS+iQZ3jJ8UQKRyjCj7Bu4Di4=",
        "owner": "nixos",
        "repo": "nixos-hardware",
        "rev": "d2d9a58a5c03ea15b401c186508c171c07f9c4f1",
        "type": "github"
      },
      "original": {
        "owner": "nixos",
        "repo": "nixos-hardware",
        "type": "github"
      }
    },
    "nixpkgs": {
      "locked": {
        "lastModified": 1638580591,
        "narHash": "sha256-fM5tz4amJIH6+gjXdCHfRvq1p65N93zIUfxwPNr95NE=",
        "owner": "nixos",
        "repo": "nixpkgs",
        "rev": "e65a0f3f980abdc802b9f93bdb1b67a326cdb9c8",
        "type": "github"
      },
      "original": {
        "owner": "nixos",
        "ref": "nixpkgs-unstable",
        "repo": "nixpkgs",
        "type": "github"
      }
    },
    "nixpkgs_2": {
      "locked": {
        "lastModified": 1636623366,
        "narHash": "sha256-jOQMlv9qFSj0U66HB+ujZoapty0UbewmSNbX8+3ujUQ=",
        "owner": "nixos",
        "repo": "nixpkgs",
        "rev": "c5ed8beb478a8ca035f033f659b60c89500a3034",
        "type": "github"
      },
      "original": {
        "owner": "nixos",
        "ref": "nixos-unstable",
        "repo": "nixpkgs",
        "type": "github"
      }
    },
    "nixpkgs_3": {
      "locked": {
        "lastModified": 1616847335,
        "narHash": "sha256-AQrNtJZRl9P78u+otHNXVxcQzu84vuTJLqynupp335g=",
        "owner": "cmacrae",
        "repo": "nixpkgs",
        "rev": "7745d5338ad3c6cef295f40a732c6a739b1fcc7b",
        "type": "github"
      },
      "original": {
        "owner": "cmacrae",
        "ref": "fix_spacebar",
        "repo": "nixpkgs",
        "type": "github"
      }
    },
    "nixpkgs_4": {
      "locked": {
        "lastModified": 1613418107,
        "narHash": "sha256-UVG9gUzg9vZfmyLvz9pNUk1qxUWxHCZJWUULjlgxFTk=",
        "owner": "NixOS",
        "repo": "nixpkgs",
        "rev": "69d5df6303374e52f56eb57fa0ed38793ed03718",
        "type": "github"
      },
      "original": {
        "id": "nixpkgs",
        "type": "indirect"
      }
    },
    "org-mac-iCal": {
      "flake": false,
      "locked": {
        "lastModified": 1633557110,
        "narHash": "sha256-1FzY6zpLFwZgLsg+cXsSau4ghAtfrg1ky/PTWB8CDVc=",
        "owner": "rdparker",
        "repo": "org-mac-iCal",
        "rev": "f2311c82aa87ddd217a477b060f4b84b62fa9171",
        "type": "github"
      },
      "original": {
        "owner": "rdparker",
        "repo": "org-mac-iCal",
        "type": "github"
      }
    },
    "root": {
      "inputs": {
        "chemacs2": "chemacs2",
        "comma": "comma",
        "darwin": "darwin",
        "devshell": "devshell",
        "emacs": "emacs",
        "emacs-overlay": "emacs-overlay",
        "flake-compat": "flake-compat",
        "flake-utils": "flake-utils",
        "home-manager": "home-manager",
        "nixos-hardware": "nixos-hardware",
        "nixpkgs": "nixpkgs_2",
        "org-mac-iCal": "org-mac-iCal",
        "spacebar": "spacebar",
        "stable": "stable",
        "treefmt": "treefmt"
      }
    },
    "spacebar": {
      "inputs": {
        "nixpkgs": "nixpkgs_3"
      },
      "locked": {
        "lastModified": 1619609923,
        "narHash": "sha256-nDnvmI4GZiBAR7oTWBw9ReQBGXz8W0X9z6DikeYa7Lw=",
        "owner": "cmacrae",
        "repo": "spacebar",
        "rev": "ca4c58c05ff18a32dd5acc38d989d378fe13509b",
        "type": "github"
      },
      "original": {
        "owner": "cmacrae",
        "repo": "spacebar",
        "type": "github"
      }
    },
    "stable": {
      "locked": {
        "lastModified": 1629379628,
        "narHash": "sha256-dI8wpEo7wIVWoTUk2oyWFUnlVHNKLs+ren1TqITN1mI=",
        "owner": "nixos",
        "repo": "nixpkgs",
        "rev": "a1007637cea374bd1bafd754cfd5388894c49129",
        "type": "github"
      },
      "original": {
        "owner": "nixos",
        "ref": "nixos-21.05",
        "repo": "nixpkgs",
        "type": "github"
      }
    },
    "treefmt": {
      "inputs": {
        "devshell": "devshell_2",
        "flake-utils": "flake-utils_2",
        "naersk": "naersk",
        "nixpkgs": "nixpkgs_4"
      },
      "locked": {
        "lastModified": 1628955222,
        "narHash": "sha256-6q4lp2w7bcIf6k9/U89CUmWQvZrQnuDJAg0IcxCiPUE=",
        "owner": "numtide",
        "repo": "treefmt",
        "rev": "ff9f9601e1da1b72839ef9946a15fbb57d21fb29",
        "type": "github"
      },
      "original": {
        "owner": "numtide",
        "repo": "treefmt",
        "type": "github"
      }
    }
  },
  "root": "root",
  "version": 7
}
