{
  "nodes": {
    "comma": {
      "flake": false,
      "locked": {
        "lastModified": 1588170489,
        "narHash": "sha256-IT7zlcM1Oh4sWeCJ1m4NkteuajPxTnNo1tbitG0eqlg=",
        "owner": "Shopify",
        "repo": "comma",
        "rev": "4a62ec17e20ce0e738a8e5126b4298a73903b468",
        "type": "github"
      },
      "original": {
        "owner": "Shopify",
        "repo": "comma",
        "type": "github"
      }
    },
    "darwin": {
      "inputs": {
        "nixpkgs": [
          "nixpkgs"
        ]
      },
      "locked": {
        "lastModified": 1623852192,
        "narHash": "sha256-jLtmTksiG8roqC5fJx3yLK5m0I8X4iyQljW9x8Iovvg=",
        "owner": "kclejeune",
        "repo": "nix-darwin",
        "rev": "83c5a035b2e071008bc0d56a7cf65cb750b37fc9",
        "type": "github"
      },
      "original": {
        "owner": "kclejeune",
        "ref": "backup-etc",
        "repo": "nix-darwin",
        "type": "github"
      }
    },
    "devshell": {
      "locked": {
        "lastModified": 1629275356,
        "narHash": "sha256-R17M69EKXP6q8/mNHaK53ECwjFo1pdF+XaJC9Qq8zjg=",
        "owner": "numtide",
        "repo": "devshell",
        "rev": "26f25a12265f030917358a9632cd600b51af1d97",
        "type": "github"
      },
      "original": {
        "owner": "numtide",
        "repo": "devshell",
        "type": "github"
      }
    },
    "devshell_2": {
      "locked": {
        "lastModified": 1613310953,
        "narHash": "sha256-GhAwxJ0Jfsj8LIQmEQylpVkcThUJgPChjo48DZeBQZA=",
        "owner": "numtide",
        "repo": "devshell",
        "rev": "f64db97388dda7c2c6f8fb7aa5d6d08365fb1e01",
        "type": "github"
      },
      "original": {
        "owner": "numtide",
        "repo": "devshell",
        "type": "github"
      }
    },
    "emacs": {
      "inputs": {
        "emacs-src": "emacs-src",
        "emacs-vterm-src": "emacs-vterm-src",
        "nixpkgs": "nixpkgs"
      },
      "locked": {
        "lastModified": 1630374161,
        "narHash": "sha256-2MIkQ5sOPIfPQp5t5gCWD3OmeCGw4PZpCnZlwfWVuI8=",
        "owner": "cmacrae",
        "repo": "emacs",
        "rev": "60843859abaa87856dd8d8c1a592db3c6bb4fb62",
        "type": "github"
      },
      "original": {
        "owner": "cmacrae",
        "repo": "emacs",
        "type": "github"
      }
    },
    "emacs-overlay": {
      "locked": {
        "lastModified": 1630401524,
        "narHash": "sha256-/dTeXrzYlHSHemYaRXULhivux7j/bzz8X9qPSRV0u54=",
        "owner": "nix-community",
        "repo": "emacs-overlay",
        "rev": "359e3d4e9f0a2e773430925b1c390f7c272466c1",
        "type": "github"
      },
      "original": {
        "owner": "nix-community",
        "repo": "emacs-overlay",
        "type": "github"
      }
    },
    "emacs-src": {
      "flake": false,
      "locked": {
        "lastModified": 1630367251,
        "narHash": "sha256-1/GaFs8CWE7E1PGCd2p3gOLQko9vsADOqXTynX9xN68=",
        "ref": "master",
        "rev": "d2ad64b7a524450bd1a4f59a5e0801abb0637b32",
        "revCount": 149678,
        "type": "git",
        "url": "git://git.sv.gnu.org/emacs.git"
      },
      "original": {
        "type": "git",
        "url": "git://git.sv.gnu.org/emacs.git"
      }
    },
    "emacs-vterm-src": {
      "flake": false,
      "locked": {
        "lastModified": 1629816805,
        "narHash": "sha256-dOfOJ2P2MkQwl6YpO00qAqXt71MsTQgaCIbWt2P/KY8=",
        "owner": "akermu",
        "repo": "emacs-libvterm",
        "rev": "9e5a208d8871293a23a2734591fac97a584a41c2",
        "type": "github"
      },
      "original": {
        "owner": "akermu",
        "repo": "emacs-libvterm",
        "type": "github"
      }
    },
    "flake-compat": {
      "flake": false,
      "locked": {
        "lastModified": 1627913399,
        "narHash": "sha256-hY8g6H2KFL8ownSiFeMOjwPC8P0ueXpCVEbxgda3pko=",
        "owner": "edolstra",
        "repo": "flake-compat",
        "rev": "12c64ca55c1014cdc1b16ed5a804aa8576601ff2",
        "type": "github"
      },
      "original": {
        "owner": "edolstra",
        "repo": "flake-compat",
        "type": "github"
      }
    },
    "flake-utils": {
      "locked": {
        "lastModified": 1629481132,
        "narHash": "sha256-JHgasjPR0/J1J3DRm4KxM4zTyAj4IOJY8vIl75v/kPI=",
        "owner": "numtide",
        "repo": "flake-utils",
        "rev": "997f7efcb746a9c140ce1f13c72263189225f482",
        "type": "github"
      },
      "original": {
        "owner": "numtide",
        "repo": "flake-utils",
        "type": "github"
      }
    },
    "flake-utils_2": {
      "locked": {
        "lastModified": 1610051610,
        "narHash": "sha256-U9rPz/usA1/Aohhk7Cmc2gBrEEKRzcW4nwPWMPwja4Y=",
        "owner": "numtide",
        "repo": "flake-utils",
        "rev": "3982c9903e93927c2164caa727cd3f6a0e6d14cc",
        "type": "github"
      },
      "original": {
        "owner": "numtide",
        "repo": "flake-utils",
        "type": "github"
      }
    },
    "home-manager": {
      "inputs": {
        "nixpkgs": [
          "nixpkgs"
        ]
      },
      "locked": {
        "lastModified": 1629598480,
        "narHash": "sha256-d07nc5Kf2MMKKVe47iIrBT+14/65g2nhEn+Z4PKjFmk=",
        "owner": "nix-community",
        "repo": "home-manager",
        "rev": "f6d1cad6ba228b81bf7045f1124aa99dfdcf3daa",
        "type": "github"
      },
      "original": {
        "owner": "nix-community",
        "ref": "master",
        "repo": "home-manager",
        "type": "github"
      }
    },
    "naersk": {
      "inputs": {
        "nixpkgs": [
          "nixpkgs"
        ]
      },
      "locked": {
        "lastModified": 1612192764,
        "narHash": "sha256-7EnLtZQWP6511G1ZPA7FmJlqAr3hWsAYb24tvTvJ/ec=",
        "owner": "nmattia",
        "repo": "naersk",
        "rev": "6e149bfd726a8ebefa415f2d713ba6d942435abd",
        "type": "github"
      },
      "original": {
        "owner": "nmattia",
        "repo": "naersk",
        "type": "github"
      }
    },
    "nixos-hardware": {
      "locked": {
        "lastModified": 1629534145,
        "narHash": "sha256-AiP7DwjntfEySVXVPjbS+iQZ3jJ8UQKRyjCj7Bu4Di4=",
        "owner": "nixos",
        "repo": "nixos-hardware",
        "rev": "d2d9a58a5c03ea15b401c186508c171c07f9c4f1",
        "type": "github"
      },
      "original": {
        "owner": "nixos",
        "repo": "nixos-hardware",
        "type": "github"
      }
    },
    "nixpkgs": {
      "locked": {
        "lastModified": 1630140382,
        "narHash": "sha256-ntXepAHFlAEtaYIU5EzckRUODeeMgpu1u2Yug+4LFNc=",
        "owner": "nixos",
        "repo": "nixpkgs",
        "rev": "08ef0f28e3a41424b92ba1d203de64257a9fca6a",
        "type": "github"
      },
      "original": {
        "owner": "nixos",
        "ref": "nixpkgs-unstable",
        "repo": "nixpkgs",
        "type": "github"
      }
    },
    "nixpkgs_2": {
      "locked": {
        "lastModified": 1629292755,
        "narHash": "sha256-5xMo32NVLnloY9DveqwJO/Cab1+PbTMPqU4WMmawX5M=",
        "owner": "nixos",
        "repo": "nixpkgs",
        "rev": "253aecf69ed7595aaefabde779aa6449195bebb7",
        "type": "github"
      },
      "original": {
        "owner": "nixos",
        "ref": "nixos-unstable",
        "repo": "nixpkgs",
        "type": "github"
      }
    },
    "nixpkgs_3": {
      "locked": {
        "lastModified": 1616847335,
        "narHash": "sha256-AQrNtJZRl9P78u+otHNXVxcQzu84vuTJLqynupp335g=",
        "owner": "cmacrae",
        "repo": "nixpkgs",
        "rev": "7745d5338ad3c6cef295f40a732c6a739b1fcc7b",
        "type": "github"
      },
      "original": {
        "owner": "cmacrae",
        "ref": "fix_spacebar",
        "repo": "nixpkgs",
        "type": "github"
      }
    },
    "nixpkgs_4": {
      "locked": {
        "lastModified": 1613418107,
        "narHash": "sha256-UVG9gUzg9vZfmyLvz9pNUk1qxUWxHCZJWUULjlgxFTk=",
        "owner": "NixOS",
        "repo": "nixpkgs",
        "rev": "69d5df6303374e52f56eb57fa0ed38793ed03718",
        "type": "github"
      },
      "original": {
        "id": "nixpkgs",
        "type": "indirect"
      }
    },
    "org-mac-iCal": {
      "flake": false,
      "locked": {
        "lastModified": 1606428755,
        "narHash": "sha256-35T7MrShqGO+fFrvhooS0ASV8fwQ9V+OUAIZgzEkAKM=",
        "owner": "terjesannum",
        "repo": "org-mac-iCal",
        "rev": "0afa91b3b07b851ed06fa5dd5edf80fb23768920",
        "type": "github"
      },
      "original": {
        "owner": "terjesannum",
        "repo": "org-mac-iCal",
        "type": "github"
      }
    },
    "root": {
      "inputs": {
        "comma": "comma",
        "darwin": "darwin",
        "devshell": "devshell",
        "emacs": "emacs",
        "emacs-overlay": "emacs-overlay",
        "flake-compat": "flake-compat",
        "flake-utils": "flake-utils",
        "home-manager": "home-manager",
        "nixos-hardware": "nixos-hardware",
        "nixpkgs": "nixpkgs_2",
        "org-mac-iCal": "org-mac-iCal",
        "spacebar": "spacebar",
        "stable": "stable",
        "treefmt": "treefmt"
      }
    },
    "spacebar": {
      "inputs": {
        "nixpkgs": "nixpkgs_3"
      },
      "locked": {
        "lastModified": 1619609923,
        "narHash": "sha256-nDnvmI4GZiBAR7oTWBw9ReQBGXz8W0X9z6DikeYa7Lw=",
        "owner": "cmacrae",
        "repo": "spacebar",
        "rev": "ca4c58c05ff18a32dd5acc38d989d378fe13509b",
        "type": "github"
      },
      "original": {
        "owner": "cmacrae",
        "repo": "spacebar",
        "type": "github"
      }
    },
    "stable": {
      "locked": {
        "lastModified": 1629379628,
        "narHash": "sha256-dI8wpEo7wIVWoTUk2oyWFUnlVHNKLs+ren1TqITN1mI=",
        "owner": "nixos",
        "repo": "nixpkgs",
        "rev": "a1007637cea374bd1bafd754cfd5388894c49129",
        "type": "github"
      },
      "original": {
        "owner": "nixos",
        "ref": "nixos-21.05",
        "repo": "nixpkgs",
        "type": "github"
      }
    },
    "treefmt": {
      "inputs": {
        "devshell": "devshell_2",
        "flake-utils": "flake-utils_2",
        "naersk": "naersk",
        "nixpkgs": "nixpkgs_4"
      },
      "locked": {
        "lastModified": 1628955222,
        "narHash": "sha256-6q4lp2w7bcIf6k9/U89CUmWQvZrQnuDJAg0IcxCiPUE=",
        "owner": "numtide",
        "repo": "treefmt",
        "rev": "ff9f9601e1da1b72839ef9946a15fbb57d21fb29",
        "type": "github"
      },
      "original": {
        "owner": "numtide",
        "repo": "treefmt",
        "type": "github"
      }
    }
  },
  "root": "root",
  "version": 7
}
